
Microsoft Visual Studio Solution File, Format Version 12.00
# Visual Studio Version 16
VisualStudioVersion = 16.0.30204.135
MinimumVisualStudioVersion = 10.0.40219.1
Project("{FAE04EC0-301F-11D3-BF4B-00C04F79EFBC}") = "MEFDemo.WebHost", "MEFDemo.WebHost\MEFDemo.WebHost.csproj", "{83E49723-1848-4ABD-B8F4-6CFFB97FCD80}"
EndProject
Project("{FAE04EC0-301F-11D3-BF4B-00C04F79EFBC}") = "MEFDemo.WebApi", "MEFDemo.WebApi\MEFDemo.WebApi.csproj", "{C75234D3-3699-4F9D-AAC9-5B7121319693}"
EndProject
Project("{FAE04EC0-301F-11D3-BF4B-00C04F79EFBC}") = "MEFDemo.Shared", "MEFDemo.Shared\MEFDemo.Shared.csproj", "{D17ABAE9-0425-4EEE-B97F-217582538AA7}"
EndProject
Global
	GlobalSection(SolutionConfigurationPlatforms) = preSolution
		Debug|Any CPU = Debug|Any CPU
		Release|Any CPU = Release|Any CPU
	EndGlobalSection
	GlobalSection(ProjectConfigurationPlatforms) = postSolution
		{83E49723-1848-4ABD-B8F4-6CFFB97FCD80}.Debug|Any CPU.ActiveCfg = Debug|Any CPU
		{83E49723-1848-4ABD-B8F4-6CFFB97FCD80}.Debug|Any CPU.Build.0 = Debug|Any CPU
		{83E49723-1848-4ABD-B8F4-6CFFB97FCD80}.Release|Any CPU.ActiveCfg = Release|Any CPU
		{83E49723-1848-4ABD-B8F4-6CFFB97FCD80}.Release|Any CPU.Build.0 = Release|Any CPU
		{C75234D3-3699-4F9D-AAC9-5B7121319693}.Debug|Any CPU.ActiveCfg = Debug|Any CPU
		{C75234D3-3699-4F9D-AAC9-5B7121319693}.Debug|Any CPU.Build.0 = Debug|Any CPU
		{C75234D3-3699-4F9D-AAC9-5B7121319693}.Release|Any CPU.ActiveCfg = Release|Any CPU
		{C75234D3-3699-4F9D-AAC9-5B7121319693}.Release|Any CPU.Build.0 = Release|Any CPU
		{D17ABAE9-0425-4EEE-B97F-217582538AA7}.Debug|Any CPU.ActiveCfg = Debug|Any CPU
		{D17ABAE9-0425-4EEE-B97F-217582538AA7}.Debug|Any CPU.Build.0 = Debug|Any CPU
		{D17ABAE9-0425-4EEE-B97F-217582538AA7}.Release|Any CPU.ActiveCfg = Release|Any CPU
		{D17ABAE9-0425-4EEE-B97F-217582538AA7}.Release|Any CPU.Build.0 = Release|Any CPU
	EndGlobalSection
	GlobalSection(SolutionProperties) = preSolution
		HideSolutionNode = FALSE
	EndGlobalSection
	GlobalSection(ExtensibilityGlobals) = postSolution
		SolutionGuid = {FD43CDA8-CFBD-433A-9D87-ACD343DC49FE}
	EndGlobalSection
EndGlobal
